// !$*UTF8*$!
{
	archiveVersion = 1;
	classes = {
	};
	objectVersion = 50;
	objects = {

/* Begin PBXBuildFile section */
		2411FA14244B01DD0046EA4C /* AppDelegate.swift in Sources */ = {isa = PBXBuildFile; fileRef = 2411FA13244B01DD0046EA4C /* AppDelegate.swift */; };
		2411FA16244B01DD0046EA4C /* SceneDelegate.swift in Sources */ = {isa = PBXBuildFile; fileRef = 2411FA15244B01DD0046EA4C /* SceneDelegate.swift */; };
		2411FA18244B01DD0046EA4C /* ViewController.swift in Sources */ = {isa = PBXBuildFile; fileRef = 2411FA17244B01DD0046EA4C /* ViewController.swift */; };
		2411FA1B244B01DD0046EA4C /* Main.storyboard in Resources */ = {isa = PBXBuildFile; fileRef = 2411FA19244B01DD0046EA4C /* Main.storyboard */; };
		2411FA1D244B01DF0046EA4C /* Assets.xcassets in Resources */ = {isa = PBXBuildFile; fileRef = 2411FA1C244B01DF0046EA4C /* Assets.xcassets */; };
		2411FA20244B01DF0046EA4C /* LaunchScreen.storyboard in Resources */ = {isa = PBXBuildFile; fileRef = 2411FA1E244B01DF0046EA4C /* LaunchScreen.storyboard */; };
/* End PBXBuildFile section */

/* Begin PBXFileReference section */
		2411FA10244B01DD0046EA4C /* App1FirebasAuth.app */ = {isa = PBXFileReference; explicitFileType = wrapper.application; includeInIndex = 0; path = App1FirebasAuth.app; sourceTree = BUILT_PRODUCTS_DIR; };
		2411FA13244B01DD0046EA4C /* AppDelegate.swift */ = {isa = PBXFileReference; lastKnownFileType = sourcecode.swift; path = AppDelegate.swift; sourceTree = "<group>"; };
		2411FA15244B01DD0046EA4C /* SceneDelegate.swift */ = {isa = PBXFileReference; lastKnownFileType = sourcecode.swift; path = SceneDelegate.swift; sourceTree = "<group>"; };
		2411FA17244B01DD0046EA4C /* ViewController.swift */ = {isa = PBXFileReference; lastKnownFileType = sourcecode.swift; path = ViewController.swift; sourceTree = "<group>"; };
		2411FA1A244B01DD0046EA4C /* Base */ = {isa = PBXFileReference; lastKnownFileType = file.storyboard; name = Base; path = Base.lproj/Main.storyboard; sourceTree = "<group>"; };
		2411FA1C244B01DF0046EA4C /* Assets.xcassets */ = {isa = PBXFileReference; lastKnownFileType = folder.assetcatalog; path = Assets.xcassets; sourceTree = "<group>"; };
		2411FA1F244B01DF0046EA4C /* Base */ = {isa = PBXFileReference; lastKnownFileType = file.storyboard; name = Base; path = Base.lproj/LaunchScreen.storyboard; sourceTree = "<group>"; };
		2411FA21244B01DF0046EA4C /* Info.plist */ = {isa = PBXFileReference; lastKnownFileType = text.plist.xml; path = Info.plist; sourceTree = "<group>"; };
/* End PBXFileReference section */

/* Begin PBXFrameworksBuildPhase section */
		2411FA0D244B01DD0046EA4C /* Frameworks */ = {
			isa = PBXFrameworksBuildPhase;
			buildActionMask = 2147483647;
			files = (
			);
			runOnlyForDeploymentPostprocessing = 0;
		};
/* End PBXFrameworksBuildPhase section */

/* Begin PBXGroup section */
		2411FA07244B01DD0046EA4C = {
			isa = PBXGroup;
			children = (
				2411FA12244B01DD0046EA4C /* App1FirebasAuth */,
				2411FA11244B01DD0046EA4C /* Products */,
			);
			sourceTree = "<group>";
		};
		2411FA11244B01DD0046EA4C /* Products */ = {
			isa = PBXGroup;
			children = (
				2411FA10244B01DD0046EA4C /* App1FirebasAuth.app */,
			);
			name = Products;
			sourceTree = "<group>";
		};
		2411FA12244B01DD0046EA4C /* App1FirebasAuth */ = {
			isa = PBXGroup;
			children = (
				2411FA13244B01DD0046EA4C /* AppDelegate.swift */,
				2411FA15244B01DD0046EA4C /* SceneDelegate.swift */,
				2411FA17244B01DD0046EA4C /* ViewController.swift */,
				2411FA19244B01DD0046EA4C /* Main.storyboard */,
				2411FA1C244B01DF0046EA4C /* Assets.xcassets */,
				2411FA1E244B01DF0046EA4C /* LaunchScreen.storyboard */,
				2411FA21244B01DF0046EA4C /* Info.plist */,
			);
			path = App1FirebasAuth;
			sourceTree = "<group>";
		};
/* End PBXGroup section */

/* Begin PBXNativeTarget section */
		2411FA0F244B01DD0046EA4C /* App1FirebasAuth */ = {
			isa = PBXNativeTarget;
			buildConfigurationList = 2411FA24244B01DF0046EA4C /* Build configuration list for PBXNativeTarget "App1FirebasAuth" */;
			buildPhases = (
				2411FA0C244B01DD0046EA4C /* Sources */,
				2411FA0D244B01DD0046EA4C /* Frameworks */,
				2411FA0E244B01DD0046EA4C /* Resources */,
			);
			buildRules = (
			);
			dependencies = (
			);
			name = App1FirebasAuth;
			productName = App1FirebasAuth;
			productReference = 2411FA10244B01DD0046EA4C /* App1FirebasAuth.app */;
			productType = "com.apple.product-type.application";
		};
/* End PBXNativeTarget section */

/* Begin PBXProject section */
		2411FA08244B01DD0046EA4C /* Project object */ = {
			isa = PBXProject;
			attributes = {
				LastSwiftUpdateCheck = 1130;
				LastUpgradeCheck = 1130;
				ORGANIZATIONNAME = "Nadia Mettioui";
				TargetAttributes = {
					2411FA0F244B01DD0046EA4C = {
						CreatedOnToolsVersion = 11.3.1;
					};
				};
			};
			buildConfigurationList = 2411FA0B244B01DD0046EA4C /* Build configuration list for PBXProject "App1FirebasAuth" */;
			compatibilityVersion = "Xcode 9.3";
			developmentRegion = en;
			hasScannedForEncodings = 0;
			knownRegions = (
				en,
				Base,
			);
			mainGroup = 2411FA07244B01DD0046EA4C;
			productRefGroup = 2411FA11244B01DD0046EA4C /* Products */;
			projectDirPath = "";
			projectRoot = "";
			targets = (
				2411FA0F244B01DD0046EA4C /* App1FirebasAuth */,
			);
		};
/* End PBXProject section */

/* Begin PBXResourcesBuildPhase section */
		2411FA0E244B01DD0046EA4C /* Resources */ = {
			isa = PBXResourcesBuildPhase;
			buildActionMask = 2147483647;
			files = (
				2411FA20244B01DF0046EA4C /* LaunchScreen.storyboard in Resources */,
				2411FA1D244B01DF0046EA4C /* Assets.xcassets in Resources */,
				2411FA1B244B01DD0046EA4C /* Main.storyboard in Resources */,
			);
			runOnlyForDeploymentPostprocessing = 0;
		};
/* End PBXResourcesBuildPhase section */

/* Begin PBXSourcesBuildPhase section */
		2411FA0C244B01DD0046EA4C /* Sources */ = {
			isa = PBXSourcesBuildPhase;
			buildActionMask = 2147483647;
			files = (
				2411FA18244B01DD0046EA4C /* ViewController.swift in Sources */,
				2411FA14244B01DD0046EA4C /* AppDelegate.swift in Sources */,
				2411FA16244B01DD0046EA4C /* SceneDelegate.swift in Sources */,
			);
			runOnlyForDeploymentPostprocessing = 0;
		};
/* End PBXSourcesBuildPhase section */

/* Begin PBXVariantGroup section */
		2411FA19244B01DD0046EA4C /* Main.storyboard */ = {
			isa = PBXVariantGroup;
			children = (
				2411FA1A244B01DD0046EA4C /* Base */,
			);
			name = Main.storyboard;
			sourceTree = "<group>";
		};
		2411FA1E244B01DF0046EA4C /* LaunchScreen.storyboard */ = {
			isa = PBXVariantGroup;
			children = (
				2411FA1F244B01DF0046EA4C /* Base */,
			);
			name = LaunchScreen.storyboard;
			sourceTree = "<group>";
		};
/* End PBXVariantGroup section */

/* Begin XCBuildConfiguration section */
		2411FA22244B01DF0046EA4C /* Debug */ = {
			isa = XCBuildConfiguration;
			buildSettings = {
				ALWAYS_SEARCH_USER_PATHS = NO;
				CLANG_ANALYZER_NONNULL = YES;
				CLANG_ANALYZER_NUMBER_OBJECT_CONVERSION = YES_AGGRESSIVE;
				CLANG_CXX_LANGUAGE_STANDARD = "gnu++14";
				CLANG_CXX_LIBRARY = "libc++";
				CLANG_ENABLE_MODULES = YES;
				CLANG_ENABLE_OBJC_ARC = YES;
				CLANG_ENABLE_OBJC_WEAK = YES;
				CLANG_WARN_BLOCK_CAPTURE_AUTORELEASING = YES;
				CLANG_WARN_BOOL_CONVERSION = YES;
				CLANG_WARN_COMMA = YES;
				CLANG_WARN_CONSTANT_CONVERSION = YES;
				CLANG_WARN_DEPRECATED_OBJC_IMPLEMENTATIONS = YES;
				CLANG_WARN_DIRECT_OBJC_ISA_USAGE = YES_ERROR;
				CLANG_WARN_DOCUMENTATION_COMMENTS = YES;
				CLANG_WARN_EMPTY_BODY = YES;
				CLANG_WARN_ENUM_CONVERSION = YES;
				CLANG_WARN_INFINITE_RECURSION = YES;
				CLANG_WARN_INT_CONVERSION = YES;
				CLANG_WARN_NON_LITERAL_NULL_CONVERSION = YES;
				CLANG_WARN_OBJC_IMPLICIT_RETAIN_SELF = YES;
				CLANG_WARN_OBJC_LITERAL_CONVERSION = YES;
				CLANG_WARN_OBJC_ROOT_CLASS = YES_ERROR;
				CLANG_WARN_RANGE_LOOP_ANALYSIS = YES;
				CLANG_WARN_STRICT_PROTOTYPES = YES;
				CLANG_WARN_SUSPICIOUS_MOVE = YES;
				CLANG_WARN_UNGUARDED_AVAILABILITY = YES_AGGRESSIVE;
				CLANG_WARN_UNREACHABLE_CODE = YES;
				CLANG_WARN__DUPLICATE_METHOD_MATCH = YES;
				COPY_PHASE_STRIP = NO;
				DEBUG_INFORMATION_FORMAT = dwarf;
				ENABLE_STRICT_OBJC_MSGSEND = YES;
				ENABLE_TESTABILITY = YES;
				GCC_C_LANGUAGE_STANDARD = gnu11;
				GCC_DYNAMIC_NO_PIC = NO;
				GCC_NO_COMMON_BLOCKS = YES;
				GCC_OPTIMIZATION_LEVEL = 0;
				GCC_PREPROCESSOR_DEFINITIONS = (
					"DEBUG=1",
					"$(inherited)",
				);
				GCC_WARN_64_TO_32_BIT_CONVERSION = YES;
				GCC_WARN_ABOUT_RETURN_TYPE = YES_ERROR;
				GCC_WARN_UNDECLARED_SELECTOR = YES;
				GCC_WARN_UNINITIALIZED_AUTOS = YES_AGGRESSIVE;
				GCC_WARN_UNUSED_FUNCTION = YES;
				GCC_WARN_UNUSED_VARIABLE = YES;
				IPHONEOS_DEPLOYMENT_TARGET = 13.2;
				MTL_ENABLE_DEBUG_INFO = INCLUDE_SOURCE;
				MTL_FAST_MATH = YES;
				ONLY_ACTIVE_ARCH = YES;
				SDKROOT = iphoneos;
				SWIFT_ACTIVE_COMPILATION_CONDITIONS = DEBUG;
				SWIFT_OPTIMIZATION_LEVEL = "-Onone";
			};
			name = Debug;
		};
		2411FA23244B01DF0046EA4C /* Release */ = {
			isa = XCBuildConfiguration;
			buildSettings = {
				ALWAYS_SEARCH_USER_PATHS = NO;
				CLANG_ANALYZER_NONNULL = YES;
				CLANG_ANALYZER_NUMBER_OBJECT_CONVERSION = YES_AGGRESSIVE;
				CLANG_CXX_LANGUAGE_STANDARD = "gnu++14";
				CLANG_CXX_LIBRARY = "libc++";
				CLANG_ENABLE_MODULES = YES;
				CLANG_ENABLE_OBJC_ARC = YES;
				CLANG_ENABLE_OBJC_WEAK = YES;
				CLANG_WARN_BLOCK_CAPTURE_AUTORELEASING = YES;
				CLANG_WARN_BOOL_CONVERSION = YES;
				CLANG_WARN_COMMA = YES;
				CLANG_WARN_CONSTANT_CONVERSION = YES;
				CLANG_WARN_DEPRECATED_OBJC_IMPLEMENTATIONS = YES;
				CLANG_WARN_DIRECT_OBJC_ISA_USAGE = YES_ERROR;
				CLANG_WARN_DOCUMENTATION_COMMENTS = YES;
				CLANG_WARN_EMPTY_BODY = YES;
				CLANG_WARN_ENUM_CONVERSION = YES;
				CLANG_WARN_INFINITE_RECURSION = YES;
				CLANG_WARN_INT_CONVERSION = YES;
				CLANG_WARN_NON_LITERAL_NULL_CONVERSION = YES;
				CLANG_WARN_OBJC_IMPLICIT_RETAIN_SELF = YES;
				CLANG_WARN_OBJC_LITERAL_CONVERSION = YES;
				CLANG_WARN_OBJC_ROOT_CLASS = YES_ERROR;
				CLANG_WARN_RANGE_LOOP_ANALYSIS = YES;
				CLANG_WARN_STRICT_PROTOTYPES = YES;
				CLANG_WARN_SUSPICIOUS_MOVE = YES;
				CLANG_WARN_UNGUARDED_AVAILABILITY = YES_AGGRESSIVE;
				CLANG_WARN_UNREACHABLE_CODE = YES;
				CLANG_WARN__DUPLICATE_METHOD_MATCH = YES;
				COPY_PHASE_STRIP = NO;
				DEBUG_INFORMATION_FORMAT = "dwarf-with-dsym";
				ENABLE_NS_ASSERTIONS = NO;
				ENABLE_STRICT_OBJC_MSGSEND = YES;
				GCC_C_LANGUAGE_STANDARD = gnu11;
				GCC_NO_COMMON_BLOCKS = YES;
				GCC_WARN_64_TO_32_BIT_CONVERSION = YES;
				GCC_WARN_ABOUT_RETURN_TYPE = YES_ERROR;
				GCC_WARN_UNDECLARED_SELECTOR = YES;
				GCC_WARN_UNINITIALIZED_AUTOS = YES_AGGRESSIVE;
				GCC_WARN_UNUSED_FUNCTION = YES;
				GCC_WARN_UNUSED_VARIABLE = YES;
				IPHONEOS_DEPLOYMENT_TARGET = 13.2;
				MTL_ENABLE_DEBUG_INFO = NO;
				MTL_FAST_MATH = YES;
				SDKROOT = iphoneos;
				SWIFT_COMPILATION_MODE = wholemodule;
				SWIFT_OPTIMIZATION_LEVEL = "-O";
				VALIDATE_PRODUCT = YES;
			};
			name = Release;
		};
		2411FA25244B01DF0046EA4C /* Debug */ = {
			isa = XCBuildConfiguration;
			buildSettings = {
				ASSETCATALOG_COMPILER_APPICON_NAME = AppIcon;
				CODE_SIGN_STYLE = Automatic;
				DEVELOPMENT_TEAM = GVV2Q84CVQ;
				INFOPLIST_FILE = App1FirebasAuth/Info.plist;
				LD_RUNPATH_SEARCH_PATHS = (
					"$(inherited)",
					"@executable_path/Frameworks",
				);
				PRODUCT_BUNDLE_IDENTIFIER = com.siraniadam.com.App1FirebasAuth;
				PRODUCT_NAME = "$(TARGET_NAME)";
				SWIFT_VERSION = 5.0;
				TARGETED_DEVICE_FAMILY = "1,2";
			};
			name = Debug;
		};
		2411FA26244B01DF0046EA4C /* Release */ = {
			isa = XCBuildConfiguration;
			buildSettings = {
				ASSETCATALOG_COMPILER_APPICON_NAME = AppIcon;
				CODE_SIGN_STYLE = Automatic;
				DEVELOPMENT_TEAM = GVV2Q84CVQ;
				INFOPLIST_FILE = App1FirebasAuth/Info.plist;
				LD_RUNPATH_SEARCH_PATHS = (
					"$(inherited)",
					"@executable_path/Frameworks",
				);
				PRODUCT_BUNDLE_IDENTIFIER = com.siraniadam.com.App1FirebasAuth;
				PRODUCT_NAME = "$(TARGET_NAME)";
				SWIFT_VERSION = 5.0;
				TARGETED_DEVICE_FAMILY = "1,2";
			};
			name = Release;
		};
/* End XCBuildConfiguration section */

/* Begin XCConfigurationList section */
		2411FA0B244B01DD0046EA4C /* Build configuration list for PBXProject "App1FirebasAuth" */ = {
			isa = XCConfigurationList;
			buildConfigurations = (
				2411FA22244B01DF0046EA4C /* Debug */,
				2411FA23244B01DF0046EA4C /* Release */,
			);
			defaultConfigurationIsVisible = 0;
			defaultConfigurationName = Release;
		};
		2411FA24244B01DF0046EA4C /* Build configuration list for PBXNativeTarget "App1FirebasAuth" */ = {
			isa = XCConfigurationList;
			buildConfigurations = (
				2411FA25244B01DF0046EA4C /* Debug */,
				2411FA26244B01DF0046EA4C /* Release */,
			);
			defaultConfigurationIsVisible = 0;
			defaultConfigurationName = Release;
		};
/* End XCConfigurationList section */
	};
	rootObject = 2411FA08244B01DD0046EA4C /* Project object */;
}
